
Microsoft Visual Studio Solution File, Format Version 12.00
# Visual Studio Version 16
VisualStudioVersion = 16.0.30523.141
MinimumVisualStudioVersion = 10.0.40219.1
Project("{FAE04EC0-301F-11D3-BF4B-00C04F79EFBC}") = "NetCore.jQueryDatatable.SSR", "NetCoreJqueryDatatable\NetCore.jQueryDatatable.SSR.csproj", "{C522533A-D1AE-4BAC-943D-ED8D89713290}"
EndProject
Global
	GlobalSection(SolutionConfigurationPlatforms) = preSolution
		Debug|Any CPU = Debug|Any CPU
		Release|Any CPU = Release|Any CPU
	EndGlobalSection
	GlobalSection(ProjectConfigurationPlatforms) = postSolution
		{C522533A-D1AE-4BAC-943D-ED8D89713290}.Debug|Any CPU.ActiveCfg = Debug|Any CPU
		{C522533A-D1AE-4BAC-943D-ED8D89713290}.Debug|Any CPU.Build.0 = Debug|Any CPU
		{C522533A-D1AE-4BAC-943D-ED8D89713290}.Release|Any CPU.ActiveCfg = Release|Any CPU
		{C522533A-D1AE-4BAC-943D-ED8D89713290}.Release|Any CPU.Build.0 = Release|Any CPU
	EndGlobalSection
	GlobalSection(SolutionProperties) = preSolution
		HideSolutionNode = FALSE
	EndGlobalSection
	GlobalSection(ExtensibilityGlobals) = postSolution
		SolutionGuid = {E62C8B60-940A-4509-A979-4A19EDE83F4F}
	EndGlobalSection
EndGlobal
